// !$*UTF8*$!
{
	archiveVersion = 1;
	classes = {
	};
	objectVersion = 55;
	objects = {

/* Begin PBXBuildFile section */
		48146DB627AD50C500892C22 /* AppDelegate.swift in Sources */ = {isa = PBXBuildFile; fileRef = 48146DB527AD50C500892C22 /* AppDelegate.swift */; };
		48146DB827AD50C500892C22 /* SceneDelegate.swift in Sources */ = {isa = PBXBuildFile; fileRef = 48146DB727AD50C500892C22 /* SceneDelegate.swift */; };
		48146DBD27AD50C500892C22 /* Main.storyboard in Resources */ = {isa = PBXBuildFile; fileRef = 48146DBB27AD50C500892C22 /* Main.storyboard */; };
		48146DBF27AD50C700892C22 /* Assets.xcassets in Resources */ = {isa = PBXBuildFile; fileRef = 48146DBE27AD50C700892C22 /* Assets.xcassets */; };
		48146DC227AD50C700892C22 /* LaunchScreen.storyboard in Resources */ = {isa = PBXBuildFile; fileRef = 48146DC027AD50C700892C22 /* LaunchScreen.storyboard */; };
		48146DCD27AD50C700892C22 /* BeerBreweryTests.swift in Sources */ = {isa = PBXBuildFile; fileRef = 48146DCC27AD50C700892C22 /* BeerBreweryTests.swift */; };
		48146DD727AD50C700892C22 /* BeerBreweryUITests.swift in Sources */ = {isa = PBXBuildFile; fileRef = 48146DD627AD50C700892C22 /* BeerBreweryUITests.swift */; };
		48146DD927AD50C700892C22 /* BeerBreweryUITestsLaunchTests.swift in Sources */ = {isa = PBXBuildFile; fileRef = 48146DD827AD50C700892C22 /* BeerBreweryUITestsLaunchTests.swift */; };
		4837656127AEDE8B00370A79 /* Cervejaria.swift in Sources */ = {isa = PBXBuildFile; fileRef = 4837656027AEDE8B00370A79 /* Cervejaria.swift */; };
		486C098927AE080E00E3A1CB /* ViewController.swift in Sources */ = {isa = PBXBuildFile; fileRef = 486C098727AE080E00E3A1CB /* ViewController.swift */; };
		486C098A27AE080E00E3A1CB /* TopTenCardViewController.swift in Sources */ = {isa = PBXBuildFile; fileRef = 486C098827AE080E00E3A1CB /* TopTenCardViewController.swift */; };
		486C098D27AE083C00E3A1CB /* TopTenCardViewController.xib in Resources */ = {isa = PBXBuildFile; fileRef = 486C098B27AE083C00E3A1CB /* TopTenCardViewController.xib */; };
		486C099427AE084A00E3A1CB /* Quicksand-Bold.ttf in Resources */ = {isa = PBXBuildFile; fileRef = 486C098F27AE084A00E3A1CB /* Quicksand-Bold.ttf */; };
		486C099527AE084A00E3A1CB /* Quicksand-Medium.ttf in Resources */ = {isa = PBXBuildFile; fileRef = 486C099027AE084A00E3A1CB /* Quicksand-Medium.ttf */; };
		486C099627AE084A00E3A1CB /* Quicksand-Regular.ttf in Resources */ = {isa = PBXBuildFile; fileRef = 486C099127AE084A00E3A1CB /* Quicksand-Regular.ttf */; };
		486C099727AE084A00E3A1CB /* Quicksand-SemiBold.ttf in Resources */ = {isa = PBXBuildFile; fileRef = 486C099227AE084A00E3A1CB /* Quicksand-SemiBold.ttf */; };
		486C099827AE084A00E3A1CB /* Quicksand-Light.ttf in Resources */ = {isa = PBXBuildFile; fileRef = 486C099327AE084A00E3A1CB /* Quicksand-Light.ttf */; };
		486C099B27AE091700E3A1CB /* Localizable.strings in Resources */ = {isa = PBXBuildFile; fileRef = 486C099D27AE091700E3A1CB /* Localizable.strings */; };
		486C09A127AE09AB00E3A1CB /* String.swift in Sources */ = {isa = PBXBuildFile; fileRef = 486C09A027AE09AB00E3A1CB /* String.swift */; };
		486C09A927AE0ECD00E3A1CB /* FindBreweryErrorViewController.xib in Resources */ = {isa = PBXBuildFile; fileRef = 486C09A627AE0ECD00E3A1CB /* FindBreweryErrorViewController.xib */; };
		486C09AE27AE152C00E3A1CB /* FindBreweryErrorViewController.swift in Sources */ = {isa = PBXBuildFile; fileRef = 486C09AD27AE152C00E3A1CB /* FindBreweryErrorViewController.swift */; };
		C6EB6E48592E7D4637CA12DA /* Pods_BeerBrewery_BeerBreweryUITests.framework in Frameworks */ = {isa = PBXBuildFile; fileRef = 611F3C9D1E38C3ACEF9D4C97 /* Pods_BeerBrewery_BeerBreweryUITests.framework */; };
		D6F68B405DD72F9F21EC416B /* Pods_BeerBrewery.framework in Frameworks */ = {isa = PBXBuildFile; fileRef = 15A542C8E1023694B33AC34C /* Pods_BeerBrewery.framework */; };
		F2F1DB007D56A92BCCF437A5 /* Pods_BeerBreweryTests.framework in Frameworks */ = {isa = PBXBuildFile; fileRef = AE4E80321887F1D1801BD64D /* Pods_BeerBreweryTests.framework */; };
/* End PBXBuildFile section */

/* Begin PBXContainerItemProxy section */
		48146DC927AD50C700892C22 /* PBXContainerItemProxy */ = {
			isa = PBXContainerItemProxy;
			containerPortal = 48146DAA27AD50C500892C22 /* Project object */;
			proxyType = 1;
			remoteGlobalIDString = 48146DB127AD50C500892C22;
			remoteInfo = BeerBrewery;
		};
		48146DD327AD50C700892C22 /* PBXContainerItemProxy */ = {
			isa = PBXContainerItemProxy;
			containerPortal = 48146DAA27AD50C500892C22 /* Project object */;
			proxyType = 1;
			remoteGlobalIDString = 48146DB127AD50C500892C22;
			remoteInfo = BeerBrewery;
		};
/* End PBXContainerItemProxy section */

/* Begin PBXFileReference section */
		15A542C8E1023694B33AC34C /* Pods_BeerBrewery.framework */ = {isa = PBXFileReference; explicitFileType = wrapper.framework; includeInIndex = 0; path = Pods_BeerBrewery.framework; sourceTree = BUILT_PRODUCTS_DIR; };
		48146DB227AD50C500892C22 /* BeerBrewery.app */ = {isa = PBXFileReference; explicitFileType = wrapper.application; includeInIndex = 0; path = BeerBrewery.app; sourceTree = BUILT_PRODUCTS_DIR; };
		48146DB527AD50C500892C22 /* AppDelegate.swift */ = {isa = PBXFileReference; lastKnownFileType = sourcecode.swift; path = AppDelegate.swift; sourceTree = "<group>"; };
		48146DB727AD50C500892C22 /* SceneDelegate.swift */ = {isa = PBXFileReference; lastKnownFileType = sourcecode.swift; path = SceneDelegate.swift; sourceTree = "<group>"; };
		48146DBC27AD50C500892C22 /* Base */ = {isa = PBXFileReference; lastKnownFileType = file.storyboard; name = Base; path = Base.lproj/Main.storyboard; sourceTree = "<group>"; };
		48146DBE27AD50C700892C22 /* Assets.xcassets */ = {isa = PBXFileReference; lastKnownFileType = folder.assetcatalog; path = Assets.xcassets; sourceTree = "<group>"; };
		48146DC127AD50C700892C22 /* Base */ = {isa = PBXFileReference; lastKnownFileType = file.storyboard; name = Base; path = Base.lproj/LaunchScreen.storyboard; sourceTree = "<group>"; };
		48146DC327AD50C700892C22 /* Info.plist */ = {isa = PBXFileReference; lastKnownFileType = text.plist.xml; path = Info.plist; sourceTree = "<group>"; };
		48146DC827AD50C700892C22 /* BeerBreweryTests.xctest */ = {isa = PBXFileReference; explicitFileType = wrapper.cfbundle; includeInIndex = 0; path = BeerBreweryTests.xctest; sourceTree = BUILT_PRODUCTS_DIR; };
		48146DCC27AD50C700892C22 /* BeerBreweryTests.swift */ = {isa = PBXFileReference; lastKnownFileType = sourcecode.swift; path = BeerBreweryTests.swift; sourceTree = "<group>"; };
		48146DD227AD50C700892C22 /* BeerBreweryUITests.xctest */ = {isa = PBXFileReference; explicitFileType = wrapper.cfbundle; includeInIndex = 0; path = BeerBreweryUITests.xctest; sourceTree = BUILT_PRODUCTS_DIR; };
		48146DD627AD50C700892C22 /* BeerBreweryUITests.swift */ = {isa = PBXFileReference; lastKnownFileType = sourcecode.swift; path = BeerBreweryUITests.swift; sourceTree = "<group>"; };
		48146DD827AD50C700892C22 /* BeerBreweryUITestsLaunchTests.swift */ = {isa = PBXFileReference; lastKnownFileType = sourcecode.swift; path = BeerBreweryUITestsLaunchTests.swift; sourceTree = "<group>"; };
		4837656027AEDE8B00370A79 /* Cervejaria.swift */ = {isa = PBXFileReference; lastKnownFileType = sourcecode.swift; path = Cervejaria.swift; sourceTree = "<group>"; };
		486C098727AE080E00E3A1CB /* ViewController.swift */ = {isa = PBXFileReference; fileEncoding = 4; lastKnownFileType = sourcecode.swift; name = ViewController.swift; path = Controller/ViewController.swift; sourceTree = "<group>"; };
		486C098827AE080E00E3A1CB /* TopTenCardViewController.swift */ = {isa = PBXFileReference; fileEncoding = 4; lastKnownFileType = sourcecode.swift; name = TopTenCardViewController.swift; path = Controller/TopTenCardViewController.swift; sourceTree = "<group>"; };
		486C098C27AE083C00E3A1CB /* Base */ = {isa = PBXFileReference; lastKnownFileType = file.xib; name = Base; path = Base.lproj/TopTenCardViewController.xib; sourceTree = "<group>"; };
		486C098F27AE084A00E3A1CB /* Quicksand-Bold.ttf */ = {isa = PBXFileReference; lastKnownFileType = file; path = "Quicksand-Bold.ttf"; sourceTree = "<group>"; };
		486C099027AE084A00E3A1CB /* Quicksand-Medium.ttf */ = {isa = PBXFileReference; lastKnownFileType = file; path = "Quicksand-Medium.ttf"; sourceTree = "<group>"; };
		486C099127AE084A00E3A1CB /* Quicksand-Regular.ttf */ = {isa = PBXFileReference; lastKnownFileType = file; path = "Quicksand-Regular.ttf"; sourceTree = "<group>"; };
		486C099227AE084A00E3A1CB /* Quicksand-SemiBold.ttf */ = {isa = PBXFileReference; lastKnownFileType = file; path = "Quicksand-SemiBold.ttf"; sourceTree = "<group>"; };
		486C099327AE084A00E3A1CB /* Quicksand-Light.ttf */ = {isa = PBXFileReference; lastKnownFileType = file; path = "Quicksand-Light.ttf"; sourceTree = "<group>"; };
		486C099C27AE091700E3A1CB /* en */ = {isa = PBXFileReference; lastKnownFileType = text.plist.strings; name = en; path = en.lproj/Localizable.strings; sourceTree = "<group>"; };
		486C099E27AE092C00E3A1CB /* pt-BR */ = {isa = PBXFileReference; lastKnownFileType = text.plist.strings; name = "pt-BR"; path = "pt-BR.lproj/Localizable.strings"; sourceTree = "<group>"; };
		486C09A027AE09AB00E3A1CB /* String.swift */ = {isa = PBXFileReference; lastKnownFileType = sourcecode.swift; path = String.swift; sourceTree = "<group>"; };
		486C09A727AE0ECD00E3A1CB /* Base */ = {isa = PBXFileReference; lastKnownFileType = file.xib; name = Base; path = Base.lproj/FindBreweryErrorViewController.xib; sourceTree = "<group>"; };
		486C09AD27AE152C00E3A1CB /* FindBreweryErrorViewController.swift */ = {isa = PBXFileReference; fileEncoding = 4; lastKnownFileType = sourcecode.swift; name = FindBreweryErrorViewController.swift; path = Controller/FindBreweryErrorViewController.swift; sourceTree = "<group>"; };
		611F3C9D1E38C3ACEF9D4C97 /* Pods_BeerBrewery_BeerBreweryUITests.framework */ = {isa = PBXFileReference; explicitFileType = wrapper.framework; includeInIndex = 0; path = Pods_BeerBrewery_BeerBreweryUITests.framework; sourceTree = BUILT_PRODUCTS_DIR; };
		86B2B2D505215699210D25CA /* Pods-BeerBrewery.release.xcconfig */ = {isa = PBXFileReference; includeInIndex = 1; lastKnownFileType = text.xcconfig; name = "Pods-BeerBrewery.release.xcconfig"; path = "Target Support Files/Pods-BeerBrewery/Pods-BeerBrewery.release.xcconfig"; sourceTree = "<group>"; };
		AB669B2FB7D944EAA028BB48 /* Pods-BeerBrewery.debug.xcconfig */ = {isa = PBXFileReference; includeInIndex = 1; lastKnownFileType = text.xcconfig; name = "Pods-BeerBrewery.debug.xcconfig"; path = "Target Support Files/Pods-BeerBrewery/Pods-BeerBrewery.debug.xcconfig"; sourceTree = "<group>"; };
		AE4E80321887F1D1801BD64D /* Pods_BeerBreweryTests.framework */ = {isa = PBXFileReference; explicitFileType = wrapper.framework; includeInIndex = 0; path = Pods_BeerBreweryTests.framework; sourceTree = BUILT_PRODUCTS_DIR; };
		B37E98422A51668F1570E973 /* Pods-BeerBreweryTests.release.xcconfig */ = {isa = PBXFileReference; includeInIndex = 1; lastKnownFileType = text.xcconfig; name = "Pods-BeerBreweryTests.release.xcconfig"; path = "Target Support Files/Pods-BeerBreweryTests/Pods-BeerBreweryTests.release.xcconfig"; sourceTree = "<group>"; };
		B9845E64D02DC15F1983CCD6 /* Pods-BeerBrewery-BeerBreweryUITests.debug.xcconfig */ = {isa = PBXFileReference; includeInIndex = 1; lastKnownFileType = text.xcconfig; name = "Pods-BeerBrewery-BeerBreweryUITests.debug.xcconfig"; path = "Target Support Files/Pods-BeerBrewery-BeerBreweryUITests/Pods-BeerBrewery-BeerBreweryUITests.debug.xcconfig"; sourceTree = "<group>"; };
		CF84D0B43B7C9259FEB6464F /* Pods-BeerBrewery-BeerBreweryUITests.release.xcconfig */ = {isa = PBXFileReference; includeInIndex = 1; lastKnownFileType = text.xcconfig; name = "Pods-BeerBrewery-BeerBreweryUITests.release.xcconfig"; path = "Target Support Files/Pods-BeerBrewery-BeerBreweryUITests/Pods-BeerBrewery-BeerBreweryUITests.release.xcconfig"; sourceTree = "<group>"; };
		DF0D84821F26BD2122969A0A /* Pods-BeerBreweryTests.debug.xcconfig */ = {isa = PBXFileReference; includeInIndex = 1; lastKnownFileType = text.xcconfig; name = "Pods-BeerBreweryTests.debug.xcconfig"; path = "Target Support Files/Pods-BeerBreweryTests/Pods-BeerBreweryTests.debug.xcconfig"; sourceTree = "<group>"; };
/* End PBXFileReference section */

/* Begin PBXFrameworksBuildPhase section */
		48146DAF27AD50C500892C22 /* Frameworks */ = {
			isa = PBXFrameworksBuildPhase;
			buildActionMask = 2147483647;
			files = (
				D6F68B405DD72F9F21EC416B /* Pods_BeerBrewery.framework in Frameworks */,
			);
			runOnlyForDeploymentPostprocessing = 0;
		};
		48146DC527AD50C700892C22 /* Frameworks */ = {
			isa = PBXFrameworksBuildPhase;
			buildActionMask = 2147483647;
			files = (
				F2F1DB007D56A92BCCF437A5 /* Pods_BeerBreweryTests.framework in Frameworks */,
			);
			runOnlyForDeploymentPostprocessing = 0;
		};
		48146DCF27AD50C700892C22 /* Frameworks */ = {
			isa = PBXFrameworksBuildPhase;
			buildActionMask = 2147483647;
			files = (
				C6EB6E48592E7D4637CA12DA /* Pods_BeerBrewery_BeerBreweryUITests.framework in Frameworks */,
			);
			runOnlyForDeploymentPostprocessing = 0;
		};
/* End PBXFrameworksBuildPhase section */

/* Begin PBXGroup section */
		48146DA927AD50C500892C22 = {
			isa = PBXGroup;
			children = (
				4837655F27AEDE7300370A79 /* Model */,
				486C099F27AE095D00E3A1CB /* Extensions */,
				48146DB427AD50C500892C22 /* BeerBrewery */,
				48146DCB27AD50C700892C22 /* BeerBreweryTests */,
				48146DD527AD50C700892C22 /* BeerBreweryUITests */,
				48146DB327AD50C500892C22 /* Products */,
				E7B081B78AD132D22A863908 /* Pods */,
				561E0E61B81D0ED346A504D4 /* Frameworks */,
			);
			sourceTree = "<group>";
		};
		48146DB327AD50C500892C22 /* Products */ = {
			isa = PBXGroup;
			children = (
				48146DB227AD50C500892C22 /* BeerBrewery.app */,
				48146DC827AD50C700892C22 /* BeerBreweryTests.xctest */,
				48146DD227AD50C700892C22 /* BeerBreweryUITests.xctest */,
			);
			name = Products;
			sourceTree = "<group>";
		};
		48146DB427AD50C500892C22 /* BeerBrewery */ = {
			isa = PBXGroup;
			children = (
				48146E3D27AD7EC600892C22 /* Controller */,
				48146E3C27AD7EB900892C22 /* Shared */,
				48146E3B27AD7EAB00892C22 /* View */,
				48146DBE27AD50C700892C22 /* Assets.xcassets */,
				48146DE527AD546700892C22 /* Resources */,
				48146DC327AD50C700892C22 /* Info.plist */,
			);
			path = BeerBrewery;
			sourceTree = "<group>";
		};
		48146DCB27AD50C700892C22 /* BeerBreweryTests */ = {
			isa = PBXGroup;
			children = (
				48146DCC27AD50C700892C22 /* BeerBreweryTests.swift */,
			);
			path = BeerBreweryTests;
			sourceTree = "<group>";
		};
		48146DD527AD50C700892C22 /* BeerBreweryUITests */ = {
			isa = PBXGroup;
			children = (
				48146DD627AD50C700892C22 /* BeerBreweryUITests.swift */,
				48146DD827AD50C700892C22 /* BeerBreweryUITestsLaunchTests.swift */,
			);
			path = BeerBreweryUITests;
			sourceTree = "<group>";
		};
		48146DE527AD546700892C22 /* Resources */ = {
			isa = PBXGroup;
			children = (
				486C098E27AE084A00E3A1CB /* Fonts */,
				486C099D27AE091700E3A1CB /* Localizable.strings */,
			);
			name = Resources;
			sourceTree = "<group>";
		};
		48146E3B27AD7EAB00892C22 /* View */ = {
			isa = PBXGroup;
			children = (
				486C098B27AE083C00E3A1CB /* TopTenCardViewController.xib */,
				48146DBB27AD50C500892C22 /* Main.storyboard */,
				48146DC027AD50C700892C22 /* LaunchScreen.storyboard */,
				486C09A627AE0ECD00E3A1CB /* FindBreweryErrorViewController.xib */,
			);
			name = View;
			sourceTree = "<group>";
		};
		48146E3C27AD7EB900892C22 /* Shared */ = {
			isa = PBXGroup;
			children = (
				48146DB527AD50C500892C22 /* AppDelegate.swift */,
				48146DB727AD50C500892C22 /* SceneDelegate.swift */,
			);
			path = Shared;
			sourceTree = "<group>";
		};
		48146E3D27AD7EC600892C22 /* Controller */ = {
			isa = PBXGroup;
			children = (
				486C09AD27AE152C00E3A1CB /* FindBreweryErrorViewController.swift */,
				486C098827AE080E00E3A1CB /* TopTenCardViewController.swift */,
				486C098727AE080E00E3A1CB /* ViewController.swift */,
			);
			name = Controller;
			sourceTree = "<group>";
		};
		4837655F27AEDE7300370A79 /* Model */ = {
			isa = PBXGroup;
			children = (
				4837656027AEDE8B00370A79 /* Cervejaria.swift */,
			);
			name = Model;
			path = BeerBrewery/Model;
			sourceTree = "<group>";
		};
		486C098E27AE084A00E3A1CB /* Fonts */ = {
			isa = PBXGroup;
			children = (
				486C098F27AE084A00E3A1CB /* Quicksand-Bold.ttf */,
				486C099027AE084A00E3A1CB /* Quicksand-Medium.ttf */,
				486C099127AE084A00E3A1CB /* Quicksand-Regular.ttf */,
				486C099227AE084A00E3A1CB /* Quicksand-SemiBold.ttf */,
				486C099327AE084A00E3A1CB /* Quicksand-Light.ttf */,
			);
			name = Fonts;
			path = Resources/Fonts;
			sourceTree = "<group>";
		};
		486C099F27AE095D00E3A1CB /* Extensions */ = {
			isa = PBXGroup;
			children = (
				486C09A027AE09AB00E3A1CB /* String.swift */,
			);
			path = Extensions;
			sourceTree = "<group>";
		};
		561E0E61B81D0ED346A504D4 /* Frameworks */ = {
			isa = PBXGroup;
			children = (
				15A542C8E1023694B33AC34C /* Pods_BeerBrewery.framework */,
				611F3C9D1E38C3ACEF9D4C97 /* Pods_BeerBrewery_BeerBreweryUITests.framework */,
				AE4E80321887F1D1801BD64D /* Pods_BeerBreweryTests.framework */,
			);
			name = Frameworks;
			sourceTree = "<group>";
		};
		E7B081B78AD132D22A863908 /* Pods */ = {
			isa = PBXGroup;
			children = (
				AB669B2FB7D944EAA028BB48 /* Pods-BeerBrewery.debug.xcconfig */,
				86B2B2D505215699210D25CA /* Pods-BeerBrewery.release.xcconfig */,
				B9845E64D02DC15F1983CCD6 /* Pods-BeerBrewery-BeerBreweryUITests.debug.xcconfig */,
				CF84D0B43B7C9259FEB6464F /* Pods-BeerBrewery-BeerBreweryUITests.release.xcconfig */,
				DF0D84821F26BD2122969A0A /* Pods-BeerBreweryTests.debug.xcconfig */,
				B37E98422A51668F1570E973 /* Pods-BeerBreweryTests.release.xcconfig */,
			);
			path = Pods;
			sourceTree = "<group>";
		};
/* End PBXGroup section */

/* Begin PBXNativeTarget section */
		48146DB127AD50C500892C22 /* BeerBrewery */ = {
			isa = PBXNativeTarget;
			buildConfigurationList = 48146DDC27AD50C700892C22 /* Build configuration list for PBXNativeTarget "BeerBrewery" */;
			buildPhases = (
				A9C38D76FD67A823CB498C43 /* [CP] Check Pods Manifest.lock */,
				48146DAE27AD50C500892C22 /* Sources */,
				48146DAF27AD50C500892C22 /* Frameworks */,
				48146DB027AD50C500892C22 /* Resources */,
			);
			buildRules = (
			);
			dependencies = (
			);
			name = BeerBrewery;
			productName = BeerBrewery;
			productReference = 48146DB227AD50C500892C22 /* BeerBrewery.app */;
			productType = "com.apple.product-type.application";
		};
		48146DC727AD50C700892C22 /* BeerBreweryTests */ = {
			isa = PBXNativeTarget;
			buildConfigurationList = 48146DDF27AD50C700892C22 /* Build configuration list for PBXNativeTarget "BeerBreweryTests" */;
			buildPhases = (
				74CC589EF8D49DE9BF1B46E2 /* [CP] Check Pods Manifest.lock */,
				48146DC427AD50C700892C22 /* Sources */,
				48146DC527AD50C700892C22 /* Frameworks */,
				48146DC627AD50C700892C22 /* Resources */,
			);
			buildRules = (
			);
			dependencies = (
				48146DCA27AD50C700892C22 /* PBXTargetDependency */,
			);
			name = BeerBreweryTests;
			productName = BeerBreweryTests;
			productReference = 48146DC827AD50C700892C22 /* BeerBreweryTests.xctest */;
			productType = "com.apple.product-type.bundle.unit-test";
		};
		48146DD127AD50C700892C22 /* BeerBreweryUITests */ = {
			isa = PBXNativeTarget;
			buildConfigurationList = 48146DE227AD50C700892C22 /* Build configuration list for PBXNativeTarget "BeerBreweryUITests" */;
			buildPhases = (
				B177773DD76A2CEBD4EB013F /* [CP] Check Pods Manifest.lock */,
				48146DCE27AD50C700892C22 /* Sources */,
				48146DCF27AD50C700892C22 /* Frameworks */,
				48146DD027AD50C700892C22 /* Resources */,
			);
			buildRules = (
			);
			dependencies = (
				48146DD427AD50C700892C22 /* PBXTargetDependency */,
			);
			name = BeerBreweryUITests;
			productName = BeerBreweryUITests;
			productReference = 48146DD227AD50C700892C22 /* BeerBreweryUITests.xctest */;
			productType = "com.apple.product-type.bundle.ui-testing";
		};
/* End PBXNativeTarget section */

/* Begin PBXProject section */
		48146DAA27AD50C500892C22 /* Project object */ = {
			isa = PBXProject;
			attributes = {
				BuildIndependentTargetsInParallel = 1;
				LastSwiftUpdateCheck = 1320;
				LastUpgradeCheck = 1320;
				TargetAttributes = {
					48146DB127AD50C500892C22 = {
						CreatedOnToolsVersion = 13.2;
					};
					48146DC727AD50C700892C22 = {
						CreatedOnToolsVersion = 13.2;
						TestTargetID = 48146DB127AD50C500892C22;
					};
					48146DD127AD50C700892C22 = {
						CreatedOnToolsVersion = 13.2;
						TestTargetID = 48146DB127AD50C500892C22;
					};
				};
			};
			buildConfigurationList = 48146DAD27AD50C500892C22 /* Build configuration list for PBXProject "BeerBrewery" */;
			compatibilityVersion = "Xcode 13.0";
			developmentRegion = en;
			hasScannedForEncodings = 0;
			knownRegions = (
				en,
				Base,
				"pt-BR",
			);
			mainGroup = 48146DA927AD50C500892C22;
			productRefGroup = 48146DB327AD50C500892C22 /* Products */;
			projectDirPath = "";
			projectRoot = "";
			targets = (
				48146DB127AD50C500892C22 /* BeerBrewery */,
				48146DC727AD50C700892C22 /* BeerBreweryTests */,
				48146DD127AD50C700892C22 /* BeerBreweryUITests */,
			);
		};
/* End PBXProject section */

/* Begin PBXResourcesBuildPhase section */
		48146DB027AD50C500892C22 /* Resources */ = {
			isa = PBXResourcesBuildPhase;
			buildActionMask = 2147483647;
			files = (
				48146DC227AD50C700892C22 /* LaunchScreen.storyboard in Resources */,
				486C098D27AE083C00E3A1CB /* TopTenCardViewController.xib in Resources */,
				486C099827AE084A00E3A1CB /* Quicksand-Light.ttf in Resources */,
				486C099727AE084A00E3A1CB /* Quicksand-SemiBold.ttf in Resources */,
				48146DBF27AD50C700892C22 /* Assets.xcassets in Resources */,
				486C099B27AE091700E3A1CB /* Localizable.strings in Resources */,
				486C099527AE084A00E3A1CB /* Quicksand-Medium.ttf in Resources */,
				48146DBD27AD50C500892C22 /* Main.storyboard in Resources */,
				486C099627AE084A00E3A1CB /* Quicksand-Regular.ttf in Resources */,
				486C099427AE084A00E3A1CB /* Quicksand-Bold.ttf in Resources */,
				486C09A927AE0ECD00E3A1CB /* FindBreweryErrorViewController.xib in Resources */,
			);
			runOnlyForDeploymentPostprocessing = 0;
		};
		48146DC627AD50C700892C22 /* Resources */ = {
			isa = PBXResourcesBuildPhase;
			buildActionMask = 2147483647;
			files = (
			);
			runOnlyForDeploymentPostprocessing = 0;
		};
		48146DD027AD50C700892C22 /* Resources */ = {
			isa = PBXResourcesBuildPhase;
			buildActionMask = 2147483647;
			files = (
			);
			runOnlyForDeploymentPostprocessing = 0;
		};
/* End PBXResourcesBuildPhase section */

/* Begin PBXShellScriptBuildPhase section */
		74CC589EF8D49DE9BF1B46E2 /* [CP] Check Pods Manifest.lock */ = {
			isa = PBXShellScriptBuildPhase;
			buildActionMask = 2147483647;
			files = (
			);
			inputFileListPaths = (
			);
			inputPaths = (
				"${PODS_PODFILE_DIR_PATH}/Podfile.lock",
				"${PODS_ROOT}/Manifest.lock",
			);
			name = "[CP] Check Pods Manifest.lock";
			outputFileListPaths = (
			);
			outputPaths = (
				"$(DERIVED_FILE_DIR)/Pods-BeerBreweryTests-checkManifestLockResult.txt",
			);
			runOnlyForDeploymentPostprocessing = 0;
			shellPath = /bin/sh;
			shellScript = "diff \"${PODS_PODFILE_DIR_PATH}/Podfile.lock\" \"${PODS_ROOT}/Manifest.lock\" > /dev/null\nif [ $? != 0 ] ; then\n    # print error to STDERR\n    echo \"error: The sandbox is not in sync with the Podfile.lock. Run 'pod install' or update your CocoaPods installation.\" >&2\n    exit 1\nfi\n# This output is used by Xcode 'outputs' to avoid re-running this script phase.\necho \"SUCCESS\" > \"${SCRIPT_OUTPUT_FILE_0}\"\n";
			showEnvVarsInLog = 0;
		};
		A9C38D76FD67A823CB498C43 /* [CP] Check Pods Manifest.lock */ = {
			isa = PBXShellScriptBuildPhase;
			buildActionMask = 2147483647;
			files = (
			);
			inputFileListPaths = (
			);
			inputPaths = (
				"${PODS_PODFILE_DIR_PATH}/Podfile.lock",
				"${PODS_ROOT}/Manifest.lock",
			);
			name = "[CP] Check Pods Manifest.lock";
			outputFileListPaths = (
			);
			outputPaths = (
				"$(DERIVED_FILE_DIR)/Pods-BeerBrewery-checkManifestLockResult.txt",
			);
			runOnlyForDeploymentPostprocessing = 0;
			shellPath = /bin/sh;
			shellScript = "diff \"${PODS_PODFILE_DIR_PATH}/Podfile.lock\" \"${PODS_ROOT}/Manifest.lock\" > /dev/null\nif [ $? != 0 ] ; then\n    # print error to STDERR\n    echo \"error: The sandbox is not in sync with the Podfile.lock. Run 'pod install' or update your CocoaPods installation.\" >&2\n    exit 1\nfi\n# This output is used by Xcode 'outputs' to avoid re-running this script phase.\necho \"SUCCESS\" > \"${SCRIPT_OUTPUT_FILE_0}\"\n";
			showEnvVarsInLog = 0;
		};
		B177773DD76A2CEBD4EB013F /* [CP] Check Pods Manifest.lock */ = {
			isa = PBXShellScriptBuildPhase;
			buildActionMask = 2147483647;
			files = (
			);
			inputFileListPaths = (
			);
			inputPaths = (
				"${PODS_PODFILE_DIR_PATH}/Podfile.lock",
				"${PODS_ROOT}/Manifest.lock",
			);
			name = "[CP] Check Pods Manifest.lock";
			outputFileListPaths = (
			);
			outputPaths = (
				"$(DERIVED_FILE_DIR)/Pods-BeerBrewery-BeerBreweryUITests-checkManifestLockResult.txt",
			);
			runOnlyForDeploymentPostprocessing = 0;
			shellPath = /bin/sh;
			shellScript = "diff \"${PODS_PODFILE_DIR_PATH}/Podfile.lock\" \"${PODS_ROOT}/Manifest.lock\" > /dev/null\nif [ $? != 0 ] ; then\n    # print error to STDERR\n    echo \"error: The sandbox is not in sync with the Podfile.lock. Run 'pod install' or update your CocoaPods installation.\" >&2\n    exit 1\nfi\n# This output is used by Xcode 'outputs' to avoid re-running this script phase.\necho \"SUCCESS\" > \"${SCRIPT_OUTPUT_FILE_0}\"\n";
			showEnvVarsInLog = 0;
		};
/* End PBXShellScriptBuildPhase section */

/* Begin PBXSourcesBuildPhase section */
		48146DAE27AD50C500892C22 /* Sources */ = {
			isa = PBXSourcesBuildPhase;
			buildActionMask = 2147483647;
			files = (
				486C098A27AE080E00E3A1CB /* TopTenCardViewController.swift in Sources */,
				4837656127AEDE8B00370A79 /* Cervejaria.swift in Sources */,
				486C098927AE080E00E3A1CB /* ViewController.swift in Sources */,
				486C09A127AE09AB00E3A1CB /* String.swift in Sources */,
				48146DB627AD50C500892C22 /* AppDelegate.swift in Sources */,
				486C09AE27AE152C00E3A1CB /* FindBreweryErrorViewController.swift in Sources */,
				48146DB827AD50C500892C22 /* SceneDelegate.swift in Sources */,
			);
			runOnlyForDeploymentPostprocessing = 0;
		};
		48146DC427AD50C700892C22 /* Sources */ = {
			isa = PBXSourcesBuildPhase;
			buildActionMask = 2147483647;
			files = (
				48146DCD27AD50C700892C22 /* BeerBreweryTests.swift in Sources */,
			);
			runOnlyForDeploymentPostprocessing = 0;
		};
		48146DCE27AD50C700892C22 /* Sources */ = {
			isa = PBXSourcesBuildPhase;
			buildActionMask = 2147483647;
			files = (
				48146DD727AD50C700892C22 /* BeerBreweryUITests.swift in Sources */,
				48146DD927AD50C700892C22 /* BeerBreweryUITestsLaunchTests.swift in Sources */,
			);
			runOnlyForDeploymentPostprocessing = 0;
		};
/* End PBXSourcesBuildPhase section */

/* Begin PBXTargetDependency section */
		48146DCA27AD50C700892C22 /* PBXTargetDependency */ = {
			isa = PBXTargetDependency;
			target = 48146DB127AD50C500892C22 /* BeerBrewery */;
			targetProxy = 48146DC927AD50C700892C22 /* PBXContainerItemProxy */;
		};
		48146DD427AD50C700892C22 /* PBXTargetDependency */ = {
			isa = PBXTargetDependency;
			target = 48146DB127AD50C500892C22 /* BeerBrewery */;
			targetProxy = 48146DD327AD50C700892C22 /* PBXContainerItemProxy */;
		};
/* End PBXTargetDependency section */

/* Begin PBXVariantGroup section */
		48146DBB27AD50C500892C22 /* Main.storyboard */ = {
			isa = PBXVariantGroup;
			children = (
				48146DBC27AD50C500892C22 /* Base */,
			);
			name = Main.storyboard;
			sourceTree = "<group>";
		};
		48146DC027AD50C700892C22 /* LaunchScreen.storyboard */ = {
			isa = PBXVariantGroup;
			children = (
				48146DC127AD50C700892C22 /* Base */,
			);
			name = LaunchScreen.storyboard;
			sourceTree = "<group>";
		};
		486C098B27AE083C00E3A1CB /* TopTenCardViewController.xib */ = {
			isa = PBXVariantGroup;
			children = (
				486C098C27AE083C00E3A1CB /* Base */,
			);
			name = TopTenCardViewController.xib;
			sourceTree = "<group>";
		};
		486C099D27AE091700E3A1CB /* Localizable.strings */ = {
			isa = PBXVariantGroup;
			children = (
				486C099C27AE091700E3A1CB /* en */,
				486C099E27AE092C00E3A1CB /* pt-BR */,
			);
			name = Localizable.strings;
			path = Resources;
			sourceTree = "<group>";
		};
		486C09A627AE0ECD00E3A1CB /* FindBreweryErrorViewController.xib */ = {
			isa = PBXVariantGroup;
			children = (
				486C09A727AE0ECD00E3A1CB /* Base */,
			);
			name = FindBreweryErrorViewController.xib;
			sourceTree = "<group>";
		};
/* End PBXVariantGroup section */

/* Begin XCBuildConfiguration section */
		48146DDA27AD50C700892C22 /* Debug */ = {
			isa = XCBuildConfiguration;
			buildSettings = {
				ALWAYS_SEARCH_USER_PATHS = NO;
				CLANG_ANALYZER_LOCALIZABILITY_NONLOCALIZED = YES;
				CLANG_ANALYZER_NONNULL = YES;
				CLANG_ANALYZER_NUMBER_OBJECT_CONVERSION = YES_AGGRESSIVE;
				CLANG_CXX_LANGUAGE_STANDARD = "gnu++17";
				CLANG_CXX_LIBRARY = "libc++";
				CLANG_ENABLE_MODULES = YES;
				CLANG_ENABLE_OBJC_ARC = YES;
				CLANG_ENABLE_OBJC_WEAK = YES;
				CLANG_WARN_BLOCK_CAPTURE_AUTORELEASING = YES;
				CLANG_WARN_BOOL_CONVERSION = YES;
				CLANG_WARN_COMMA = YES;
				CLANG_WARN_CONSTANT_CONVERSION = YES;
				CLANG_WARN_DEPRECATED_OBJC_IMPLEMENTATIONS = YES;
				CLANG_WARN_DIRECT_OBJC_ISA_USAGE = YES_ERROR;
				CLANG_WARN_DOCUMENTATION_COMMENTS = YES;
				CLANG_WARN_EMPTY_BODY = YES;
				CLANG_WARN_ENUM_CONVERSION = YES;
				CLANG_WARN_INFINITE_RECURSION = YES;
				CLANG_WARN_INT_CONVERSION = YES;
				CLANG_WARN_NON_LITERAL_NULL_CONVERSION = YES;
				CLANG_WARN_OBJC_IMPLICIT_RETAIN_SELF = YES;
				CLANG_WARN_OBJC_LITERAL_CONVERSION = YES;
				CLANG_WARN_OBJC_ROOT_CLASS = YES_ERROR;
				CLANG_WARN_QUOTED_INCLUDE_IN_FRAMEWORK_HEADER = YES;
				CLANG_WARN_RANGE_LOOP_ANALYSIS = YES;
				CLANG_WARN_STRICT_PROTOTYPES = YES;
				CLANG_WARN_SUSPICIOUS_MOVE = YES;
				CLANG_WARN_UNGUARDED_AVAILABILITY = YES_AGGRESSIVE;
				CLANG_WARN_UNREACHABLE_CODE = YES;
				CLANG_WARN__DUPLICATE_METHOD_MATCH = YES;
				COPY_PHASE_STRIP = NO;
				DEBUG_INFORMATION_FORMAT = dwarf;
				ENABLE_STRICT_OBJC_MSGSEND = YES;
				ENABLE_TESTABILITY = YES;
				GCC_C_LANGUAGE_STANDARD = gnu11;
				GCC_DYNAMIC_NO_PIC = NO;
				GCC_NO_COMMON_BLOCKS = YES;
				GCC_OPTIMIZATION_LEVEL = 0;
				GCC_PREPROCESSOR_DEFINITIONS = (
					"DEBUG=1",
					"$(inherited)",
				);
				GCC_WARN_64_TO_32_BIT_CONVERSION = YES;
				GCC_WARN_ABOUT_RETURN_TYPE = YES_ERROR;
				GCC_WARN_UNDECLARED_SELECTOR = YES;
				GCC_WARN_UNINITIALIZED_AUTOS = YES_AGGRESSIVE;
				GCC_WARN_UNUSED_FUNCTION = YES;
				GCC_WARN_UNUSED_VARIABLE = YES;
				IPHONEOS_DEPLOYMENT_TARGET = 15.2;
				MTL_ENABLE_DEBUG_INFO = INCLUDE_SOURCE;
				MTL_FAST_MATH = YES;
				ONLY_ACTIVE_ARCH = YES;
				SDKROOT = iphoneos;
				SWIFT_ACTIVE_COMPILATION_CONDITIONS = DEBUG;
				SWIFT_OPTIMIZATION_LEVEL = "-Onone";
			};
			name = Debug;
		};
		48146DDB27AD50C700892C22 /* Release */ = {
			isa = XCBuildConfiguration;
			buildSettings = {
				ALWAYS_SEARCH_USER_PATHS = NO;
				CLANG_ANALYZER_LOCALIZABILITY_NONLOCALIZED = YES;
				CLANG_ANALYZER_NONNULL = YES;
				CLANG_ANALYZER_NUMBER_OBJECT_CONVERSION = YES_AGGRESSIVE;
				CLANG_CXX_LANGUAGE_STANDARD = "gnu++17";
				CLANG_CXX_LIBRARY = "libc++";
				CLANG_ENABLE_MODULES = YES;
				CLANG_ENABLE_OBJC_ARC = YES;
				CLANG_ENABLE_OBJC_WEAK = YES;
				CLANG_WARN_BLOCK_CAPTURE_AUTORELEASING = YES;
				CLANG_WARN_BOOL_CONVERSION = YES;
				CLANG_WARN_COMMA = YES;
				CLANG_WARN_CONSTANT_CONVERSION = YES;
				CLANG_WARN_DEPRECATED_OBJC_IMPLEMENTATIONS = YES;
				CLANG_WARN_DIRECT_OBJC_ISA_USAGE = YES_ERROR;
				CLANG_WARN_DOCUMENTATION_COMMENTS = YES;
				CLANG_WARN_EMPTY_BODY = YES;
				CLANG_WARN_ENUM_CONVERSION = YES;
				CLANG_WARN_INFINITE_RECURSION = YES;
				CLANG_WARN_INT_CONVERSION = YES;
				CLANG_WARN_NON_LITERAL_NULL_CONVERSION = YES;
				CLANG_WARN_OBJC_IMPLICIT_RETAIN_SELF = YES;
				CLANG_WARN_OBJC_LITERAL_CONVERSION = YES;
				CLANG_WARN_OBJC_ROOT_CLASS = YES_ERROR;
				CLANG_WARN_QUOTED_INCLUDE_IN_FRAMEWORK_HEADER = YES;
				CLANG_WARN_RANGE_LOOP_ANALYSIS = YES;
				CLANG_WARN_STRICT_PROTOTYPES = YES;
				CLANG_WARN_SUSPICIOUS_MOVE = YES;
				CLANG_WARN_UNGUARDED_AVAILABILITY = YES_AGGRESSIVE;
				CLANG_WARN_UNREACHABLE_CODE = YES;
				CLANG_WARN__DUPLICATE_METHOD_MATCH = YES;
				COPY_PHASE_STRIP = NO;
				DEBUG_INFORMATION_FORMAT = "dwarf-with-dsym";
				ENABLE_NS_ASSERTIONS = NO;
				ENABLE_STRICT_OBJC_MSGSEND = YES;
				GCC_C_LANGUAGE_STANDARD = gnu11;
				GCC_NO_COMMON_BLOCKS = YES;
				GCC_WARN_64_TO_32_BIT_CONVERSION = YES;
				GCC_WARN_ABOUT_RETURN_TYPE = YES_ERROR;
				GCC_WARN_UNDECLARED_SELECTOR = YES;
				GCC_WARN_UNINITIALIZED_AUTOS = YES_AGGRESSIVE;
				GCC_WARN_UNUSED_FUNCTION = YES;
				GCC_WARN_UNUSED_VARIABLE = YES;
				IPHONEOS_DEPLOYMENT_TARGET = 15.2;
				MTL_ENABLE_DEBUG_INFO = NO;
				MTL_FAST_MATH = YES;
				SDKROOT = iphoneos;
				SWIFT_COMPILATION_MODE = wholemodule;
				SWIFT_OPTIMIZATION_LEVEL = "-O";
				VALIDATE_PRODUCT = YES;
			};
			name = Release;
		};
		48146DDD27AD50C700892C22 /* Debug */ = {
			isa = XCBuildConfiguration;
			baseConfigurationReference = AB669B2FB7D944EAA028BB48 /* Pods-BeerBrewery.debug.xcconfig */;
			buildSettings = {
				ASSETCATALOG_COMPILER_APPICON_NAME = AppIcon;
				ASSETCATALOG_COMPILER_GLOBAL_ACCENT_COLOR_NAME = AccentColor;
				CODE_SIGN_STYLE = Automatic;
				CURRENT_PROJECT_VERSION = 1;
				DEVELOPMENT_TEAM = LX4RJK2S2B;
				GENERATE_INFOPLIST_FILE = YES;
				INFOPLIST_FILE = BeerBrewery/Info.plist;
				INFOPLIST_KEY_UIApplicationSupportsIndirectInputEvents = YES;
				INFOPLIST_KEY_UILaunchStoryboardName = LaunchScreen;
				INFOPLIST_KEY_UIMainStoryboardFile = Main;
				INFOPLIST_KEY_UISupportedInterfaceOrientations = UIInterfaceOrientationPortrait;
				INFOPLIST_KEY_UISupportedInterfaceOrientations_iPad = "UIInterfaceOrientationPortrait UIInterfaceOrientationPortraitUpsideDown UIInterfaceOrientationLandscapeLeft UIInterfaceOrientationLandscapeRight";
				INFOPLIST_KEY_UISupportedInterfaceOrientations_iPhone = "UIInterfaceOrientationPortrait UIInterfaceOrientationLandscapeLeft UIInterfaceOrientationLandscapeRight";
				LD_RUNPATH_SEARCH_PATHS = (
					"$(inherited)",
					"@executable_path/Frameworks",
				);
				MARKETING_VERSION = 1.0;
				PRODUCT_BUNDLE_IDENTIFIER = br.com.bendazzoli.BeerBrewery;
				PRODUCT_NAME = "$(TARGET_NAME)";
				SWIFT_EMIT_LOC_STRINGS = YES;
				SWIFT_VERSION = 5.0;
				TARGETED_DEVICE_FAMILY = "1,2";
			};
			name = Debug;
		};
		48146DDE27AD50C700892C22 /* Release */ = {
			isa = XCBuildConfiguration;
			baseConfigurationReference = 86B2B2D505215699210D25CA /* Pods-BeerBrewery.release.xcconfig */;
			buildSettings = {
				ASSETCATALOG_COMPILER_APPICON_NAME = AppIcon;
				ASSETCATALOG_COMPILER_GLOBAL_ACCENT_COLOR_NAME = AccentColor;
				CODE_SIGN_STYLE = Automatic;
				CURRENT_PROJECT_VERSION = 1;
				DEVELOPMENT_TEAM = LX4RJK2S2B;
				GENERATE_INFOPLIST_FILE = YES;
				INFOPLIST_FILE = BeerBrewery/Info.plist;
				INFOPLIST_KEY_UIApplicationSupportsIndirectInputEvents = YES;
				INFOPLIST_KEY_UILaunchStoryboardName = LaunchScreen;
				INFOPLIST_KEY_UIMainStoryboardFile = Main;
				INFOPLIST_KEY_UISupportedInterfaceOrientations = UIInterfaceOrientationPortrait;
				INFOPLIST_KEY_UISupportedInterfaceOrientations_iPad = "UIInterfaceOrientationPortrait UIInterfaceOrientationPortraitUpsideDown UIInterfaceOrientationLandscapeLeft UIInterfaceOrientationLandscapeRight";
				INFOPLIST_KEY_UISupportedInterfaceOrientations_iPhone = "UIInterfaceOrientationPortrait UIInterfaceOrientationLandscapeLeft UIInterfaceOrientationLandscapeRight";
				LD_RUNPATH_SEARCH_PATHS = (
					"$(inherited)",
					"@executable_path/Frameworks",
				);
				MARKETING_VERSION = 1.0;
				PRODUCT_BUNDLE_IDENTIFIER = br.com.bendazzoli.BeerBrewery;
				PRODUCT_NAME = "$(TARGET_NAME)";
				SWIFT_EMIT_LOC_STRINGS = YES;
				SWIFT_VERSION = 5.0;
				TARGETED_DEVICE_FAMILY = "1,2";
			};
			name = Release;
		};
		48146DE027AD50C700892C22 /* Debug */ = {
			isa = XCBuildConfiguration;
			baseConfigurationReference = DF0D84821F26BD2122969A0A /* Pods-BeerBreweryTests.debug.xcconfig */;
			buildSettings = {
				ALWAYS_EMBED_SWIFT_STANDARD_LIBRARIES = YES;
				BUNDLE_LOADER = "$(TEST_HOST)";
				CODE_SIGN_STYLE = Automatic;
				CURRENT_PROJECT_VERSION = 1;
				DEVELOPMENT_TEAM = LX4RJK2S2B;
				GENERATE_INFOPLIST_FILE = YES;
				IPHONEOS_DEPLOYMENT_TARGET = 15.2;
				MARKETING_VERSION = 1.0;
				PRODUCT_BUNDLE_IDENTIFIER = br.com.bendazzoli.BeerBreweryTests;
				PRODUCT_NAME = "$(TARGET_NAME)";
				SWIFT_EMIT_LOC_STRINGS = NO;
				SWIFT_VERSION = 5.0;
				TARGETED_DEVICE_FAMILY = "1,2";
				TEST_HOST = "$(BUILT_PRODUCTS_DIR)/BeerBrewery.app/BeerBrewery";
			};
			name = Debug;
		};
		48146DE127AD50C700892C22 /* Release */ = {
			isa = XCBuildConfiguration;
			baseConfigurationReference = B37E98422A51668F1570E973 /* Pods-BeerBreweryTests.release.xcconfig */;
			buildSettings = {
				ALWAYS_EMBED_SWIFT_STANDARD_LIBRARIES = YES;
				BUNDLE_LOADER = "$(TEST_HOST)";
				CODE_SIGN_STYLE = Automatic;
				CURRENT_PROJECT_VERSION = 1;
				DEVELOPMENT_TEAM = LX4RJK2S2B;
				GENERATE_INFOPLIST_FILE = YES;
				IPHONEOS_DEPLOYMENT_TARGET = 15.2;
				MARKETING_VERSION = 1.0;
				PRODUCT_BUNDLE_IDENTIFIER = br.com.bendazzoli.BeerBreweryTests;
				PRODUCT_NAME = "$(TARGET_NAME)";
				SWIFT_EMIT_LOC_STRINGS = NO;
				SWIFT_VERSION = 5.0;
				TARGETED_DEVICE_FAMILY = "1,2";
				TEST_HOST = "$(BUILT_PRODUCTS_DIR)/BeerBrewery.app/BeerBrewery";
			};
			name = Release;
		};
		48146DE327AD50C700892C22 /* Debug */ = {
			isa = XCBuildConfiguration;
			baseConfigurationReference = B9845E64D02DC15F1983CCD6 /* Pods-BeerBrewery-BeerBreweryUITests.debug.xcconfig */;
			buildSettings = {
				ALWAYS_EMBED_SWIFT_STANDARD_LIBRARIES = YES;
				CODE_SIGN_STYLE = Automatic;
				CURRENT_PROJECT_VERSION = 1;
				DEVELOPMENT_TEAM = LX4RJK2S2B;
				GENERATE_INFOPLIST_FILE = YES;
				MARKETING_VERSION = 1.0;
				PRODUCT_BUNDLE_IDENTIFIER = br.com.bendazzoli.BeerBreweryUITests;
				PRODUCT_NAME = "$(TARGET_NAME)";
				SWIFT_EMIT_LOC_STRINGS = NO;
				SWIFT_VERSION = 5.0;
				TARGETED_DEVICE_FAMILY = "1,2";
				TEST_TARGET_NAME = BeerBrewery;
			};
			name = Debug;
		};
		48146DE427AD50C700892C22 /* Release */ = {
			isa = XCBuildConfiguration;
			baseConfigurationReference = CF84D0B43B7C9259FEB6464F /* Pods-BeerBrewery-BeerBreweryUITests.release.xcconfig */;
			buildSettings = {
				ALWAYS_EMBED_SWIFT_STANDARD_LIBRARIES = YES;
				CODE_SIGN_STYLE = Automatic;
				CURRENT_PROJECT_VERSION = 1;
				DEVELOPMENT_TEAM = LX4RJK2S2B;
				GENERATE_INFOPLIST_FILE = YES;
				MARKETING_VERSION = 1.0;
				PRODUCT_BUNDLE_IDENTIFIER = br.com.bendazzoli.BeerBreweryUITests;
				PRODUCT_NAME = "$(TARGET_NAME)";
				SWIFT_EMIT_LOC_STRINGS = NO;
				SWIFT_VERSION = 5.0;
				TARGETED_DEVICE_FAMILY = "1,2";
				TEST_TARGET_NAME = BeerBrewery;
			};
			name = Release;
		};
/* End XCBuildConfiguration section */

/* Begin XCConfigurationList section */
		48146DAD27AD50C500892C22 /* Build configuration list for PBXProject "BeerBrewery" */ = {
			isa = XCConfigurationList;
			buildConfigurations = (
				48146DDA27AD50C700892C22 /* Debug */,
				48146DDB27AD50C700892C22 /* Release */,
			);
			defaultConfigurationIsVisible = 0;
			defaultConfigurationName = Release;
		};
		48146DDC27AD50C700892C22 /* Build configuration list for PBXNativeTarget "BeerBrewery" */ = {
			isa = XCConfigurationList;
			buildConfigurations = (
				48146DDD27AD50C700892C22 /* Debug */,
				48146DDE27AD50C700892C22 /* Release */,
			);
			defaultConfigurationIsVisible = 0;
			defaultConfigurationName = Release;
		};
		48146DDF27AD50C700892C22 /* Build configuration list for PBXNativeTarget "BeerBreweryTests" */ = {
			isa = XCConfigurationList;
			buildConfigurations = (
				48146DE027AD50C700892C22 /* Debug */,
				48146DE127AD50C700892C22 /* Release */,
			);
			defaultConfigurationIsVisible = 0;
			defaultConfigurationName = Release;
		};
		48146DE227AD50C700892C22 /* Build configuration list for PBXNativeTarget "BeerBreweryUITests" */ = {
			isa = XCConfigurationList;
			buildConfigurations = (
				48146DE327AD50C700892C22 /* Debug */,
				48146DE427AD50C700892C22 /* Release */,
			);
			defaultConfigurationIsVisible = 0;
			defaultConfigurationName = Release;
		};
/* End XCConfigurationList section */
	};
	rootObject = 48146DAA27AD50C500892C22 /* Project object */;
}
